
Microsoft Visual Studio Solution File, Format Version 12.00
# Visual Studio Version 17
VisualStudioVersion = 17.11.35219.272
MinimumVisualStudioVersion = 10.0.40219.1
Project("{9A19103F-16F7-4668-BE54-9A1E7A4F7556}") = "NetworkCore", "NetworkCore\NetworkCore.csproj", "{92067304-BCEC-4ADF-8234-9C9FE983C3FB}"
EndProject
Project("{9A19103F-16F7-4668-BE54-9A1E7A4F7556}") = "TcpServer", "TcpServer\TcpServer.csproj", "{C019A9DA-E6EB-438B-BBCD-EF78E5EFF246}"
EndProject
Project("{9A19103F-16F7-4668-BE54-9A1E7A4F7556}") = "ApiServer", "ApiServer\ApiServer.csproj", "{951F83E2-1013-4579-BF34-3B32ADD06C4B}"
EndProject
Project("{9A19103F-16F7-4668-BE54-9A1E7A4F7556}") = "PacketGenerator", "PacketGenerator\PacketGenerator.csproj", "{BEC3D885-4FFC-4C3D-A864-536330FE5AA5}"
EndProject
Project("{2150E333-8FDC-42A3-9474-1A3956D46DE8}") = "Tools", "Tools", "{B5159501-A0A4-450A-9E54-E502E89347D3}"
EndProject
Project("{9A19103F-16F7-4668-BE54-9A1E7A4F7556}") = "RoomServer", "RoomServer\RoomServer.csproj", "{60820B8F-BFFD-44E3-A672-5803E07524B4}"
EndProject
Global
	GlobalSection(SolutionConfigurationPlatforms) = preSolution
		Debug|Any CPU = Debug|Any CPU
		Release|Any CPU = Release|Any CPU
	EndGlobalSection
	GlobalSection(ProjectConfigurationPlatforms) = postSolution
		{92067304-BCEC-4ADF-8234-9C9FE983C3FB}.Debug|Any CPU.ActiveCfg = Debug|Any CPU
		{92067304-BCEC-4ADF-8234-9C9FE983C3FB}.Debug|Any CPU.Build.0 = Debug|Any CPU
		{92067304-BCEC-4ADF-8234-9C9FE983C3FB}.Release|Any CPU.ActiveCfg = Release|Any CPU
		{92067304-BCEC-4ADF-8234-9C9FE983C3FB}.Release|Any CPU.Build.0 = Release|Any CPU
		{C019A9DA-E6EB-438B-BBCD-EF78E5EFF246}.Debug|Any CPU.ActiveCfg = Debug|Any CPU
		{C019A9DA-E6EB-438B-BBCD-EF78E5EFF246}.Debug|Any CPU.Build.0 = Debug|Any CPU
		{C019A9DA-E6EB-438B-BBCD-EF78E5EFF246}.Release|Any CPU.ActiveCfg = Release|Any CPU
		{C019A9DA-E6EB-438B-BBCD-EF78E5EFF246}.Release|Any CPU.Build.0 = Release|Any CPU
		{951F83E2-1013-4579-BF34-3B32ADD06C4B}.Debug|Any CPU.ActiveCfg = Debug|Any CPU
		{951F83E2-1013-4579-BF34-3B32ADD06C4B}.Debug|Any CPU.Build.0 = Debug|Any CPU
		{951F83E2-1013-4579-BF34-3B32ADD06C4B}.Release|Any CPU.ActiveCfg = Release|Any CPU
		{951F83E2-1013-4579-BF34-3B32ADD06C4B}.Release|Any CPU.Build.0 = Release|Any CPU
		{BEC3D885-4FFC-4C3D-A864-536330FE5AA5}.Debug|Any CPU.ActiveCfg = Debug|Any CPU
		{BEC3D885-4FFC-4C3D-A864-536330FE5AA5}.Debug|Any CPU.Build.0 = Debug|Any CPU
		{BEC3D885-4FFC-4C3D-A864-536330FE5AA5}.Release|Any CPU.ActiveCfg = Release|Any CPU
		{BEC3D885-4FFC-4C3D-A864-536330FE5AA5}.Release|Any CPU.Build.0 = Release|Any CPU
		{60820B8F-BFFD-44E3-A672-5803E07524B4}.Debug|Any CPU.ActiveCfg = Debug|Any CPU
		{60820B8F-BFFD-44E3-A672-5803E07524B4}.Debug|Any CPU.Build.0 = Debug|Any CPU
		{60820B8F-BFFD-44E3-A672-5803E07524B4}.Release|Any CPU.ActiveCfg = Release|Any CPU
		{60820B8F-BFFD-44E3-A672-5803E07524B4}.Release|Any CPU.Build.0 = Release|Any CPU
	EndGlobalSection
	GlobalSection(SolutionProperties) = preSolution
		HideSolutionNode = FALSE
	EndGlobalSection
	GlobalSection(NestedProjects) = preSolution
		{BEC3D885-4FFC-4C3D-A864-536330FE5AA5} = {B5159501-A0A4-450A-9E54-E502E89347D3}
	EndGlobalSection
	GlobalSection(ExtensibilityGlobals) = postSolution
		SolutionGuid = {7404CB82-82CD-4084-98BE-C9C6639A7E3A}
	EndGlobalSection
EndGlobal
